// !$*UTF8*$!
{
	archiveVersion = 1;
	classes = {
	};
	objectVersion = 46;
	objects = {

/* Begin PBXBuildFile section */
		B924259217740F0300EC3A2C /* UIKit.framework in Frameworks */ = {isa = PBXBuildFile; fileRef = B924259117740F0300EC3A2C /* UIKit.framework */; };
		B924259417740F0300EC3A2C /* Foundation.framework in Frameworks */ = {isa = PBXBuildFile; fileRef = B924259317740F0300EC3A2C /* Foundation.framework */; };
		B924259617740F0300EC3A2C /* CoreGraphics.framework in Frameworks */ = {isa = PBXBuildFile; fileRef = B924259517740F0300EC3A2C /* CoreGraphics.framework */; };
		B924259C17740F0300EC3A2C /* InfoPlist.strings in Resources */ = {isa = PBXBuildFile; fileRef = B924259A17740F0300EC3A2C /* InfoPlist.strings */; };
		B924259E17740F0300EC3A2C /* main.m in Sources */ = {isa = PBXBuildFile; fileRef = B924259D17740F0300EC3A2C /* main.m */; };
		B92425A217740F0300EC3A2C /* AppDelegate.m in Sources */ = {isa = PBXBuildFile; fileRef = B92425A117740F0300EC3A2C /* AppDelegate.m */; };
		B92425A417740F0300EC3A2C /* Default.png in Resources */ = {isa = PBXBuildFile; fileRef = B92425A317740F0300EC3A2C /* Default.png */; };
		B92425A617740F0300EC3A2C /* Default@2x.png in Resources */ = {isa = PBXBuildFile; fileRef = B92425A517740F0300EC3A2C /* Default@2x.png */; };
		B92425A817740F0300EC3A2C /* Default-568h@2x.png in Resources */ = {isa = PBXBuildFile; fileRef = B92425A717740F0300EC3A2C /* Default-568h@2x.png */; };
		B92425AB17740F0300EC3A2C /* ViewController.m in Sources */ = {isa = PBXBuildFile; fileRef = B92425AA17740F0300EC3A2C /* ViewController.m */; };
		B92425AE17740F0300EC3A2C /* ViewController.xib in Resources */ = {isa = PBXBuildFile; fileRef = B92425AC17740F0300EC3A2C /* ViewController.xib */; };
/* End PBXBuildFile section */

/* Begin PBXFileReference section */
		B924258D17740F0300EC3A2C /* MixTutorials.app */ = {isa = PBXFileReference; explicitFileType = wrapper.application; includeInIndex = 0; path = MixTutorials.app; sourceTree = BUILT_PRODUCTS_DIR; };
		B924259117740F0300EC3A2C /* UIKit.framework */ = {isa = PBXFileReference; lastKnownFileType = wrapper.framework; name = UIKit.framework; path = System/Library/Frameworks/UIKit.framework; sourceTree = SDKROOT; };
		B924259317740F0300EC3A2C /* Foundation.framework */ = {isa = PBXFileReference; lastKnownFileType = wrapper.framework; name = Foundation.framework; path = System/Library/Frameworks/Foundation.framework; sourceTree = SDKROOT; };
		B924259517740F0300EC3A2C /* CoreGraphics.framework */ = {isa = PBXFileReference; lastKnownFileType = wrapper.framework; name = CoreGraphics.framework; path = System/Library/Frameworks/CoreGraphics.framework; sourceTree = SDKROOT; };
		B924259917740F0300EC3A2C /* MixTutorials-Info.plist */ = {isa = PBXFileReference; lastKnownFileType = text.plist.xml; path = "MixTutorials-Info.plist"; sourceTree = "<group>"; };
		B924259B17740F0300EC3A2C /* en */ = {isa = PBXFileReference; lastKnownFileType = text.plist.strings; name = en; path = en.lproj/InfoPlist.strings; sourceTree = "<group>"; };
		B924259D17740F0300EC3A2C /* main.m */ = {isa = PBXFileReference; lastKnownFileType = sourcecode.c.objc; path = main.m; sourceTree = "<group>"; };
		B924259F17740F0300EC3A2C /* MixTutorials-Prefix.pch */ = {isa = PBXFileReference; lastKnownFileType = sourcecode.c.h; path = "MixTutorials-Prefix.pch"; sourceTree = "<group>"; };
		B92425A017740F0300EC3A2C /* AppDelegate.h */ = {isa = PBXFileReference; lastKnownFileType = sourcecode.c.h; path = AppDelegate.h; sourceTree = "<group>"; };
		B92425A117740F0300EC3A2C /* AppDelegate.m */ = {isa = PBXFileReference; lastKnownFileType = sourcecode.c.objc; path = AppDelegate.m; sourceTree = "<group>"; };
		B92425A317740F0300EC3A2C /* Default.png */ = {isa = PBXFileReference; lastKnownFileType = image.png; path = Default.png; sourceTree = "<group>"; };
		B92425A517740F0300EC3A2C /* Default@2x.png */ = {isa = PBXFileReference; lastKnownFileType = image.png; path = "Default@2x.png"; sourceTree = "<group>"; };
		B92425A717740F0300EC3A2C /* Default-568h@2x.png */ = {isa = PBXFileReference; lastKnownFileType = image.png; path = "Default-568h@2x.png"; sourceTree = "<group>"; };
		B92425A917740F0300EC3A2C /* ViewController.h */ = {isa = PBXFileReference; lastKnownFileType = sourcecode.c.h; path = ViewController.h; sourceTree = "<group>"; };
		B92425AA17740F0300EC3A2C /* ViewController.m */ = {isa = PBXFileReference; lastKnownFileType = sourcecode.c.objc; path = ViewController.m; sourceTree = "<group>"; };
		B92425AD17740F0300EC3A2C /* en */ = {isa = PBXFileReference; lastKnownFileType = file.xib; name = en; path = en.lproj/ViewController.xib; sourceTree = "<group>"; };
/* End PBXFileReference section */

/* Begin PBXFrameworksBuildPhase section */
		B924258A17740F0300EC3A2C /* Frameworks */ = {
			isa = PBXFrameworksBuildPhase;
			buildActionMask = 2147483647;
			files = (
				B924259217740F0300EC3A2C /* UIKit.framework in Frameworks */,
				B924259417740F0300EC3A2C /* Foundation.framework in Frameworks */,
				B924259617740F0300EC3A2C /* CoreGraphics.framework in Frameworks */,
			);
			runOnlyForDeploymentPostprocessing = 0;
		};
/* End PBXFrameworksBuildPhase section */

/* Begin PBXGroup section */
		B924258217740F0300EC3A2C = {
			isa = PBXGroup;
			children = (
				B924259717740F0300EC3A2C /* MixTutorials */,
				B924259017740F0300EC3A2C /* Frameworks */,
				B924258E17740F0300EC3A2C /* Products */,
			);
			sourceTree = "<group>";
		};
		B924258E17740F0300EC3A2C /* Products */ = {
			isa = PBXGroup;
			children = (
				B924258D17740F0300EC3A2C /* MixTutorials.app */,
			);
			name = Products;
			sourceTree = "<group>";
		};
		B924259017740F0300EC3A2C /* Frameworks */ = {
			isa = PBXGroup;
			children = (
				B924259117740F0300EC3A2C /* UIKit.framework */,
				B924259317740F0300EC3A2C /* Foundation.framework */,
				B924259517740F0300EC3A2C /* CoreGraphics.framework */,
			);
			name = Frameworks;
			sourceTree = "<group>";
		};
		B924259717740F0300EC3A2C /* MixTutorials */ = {
			isa = PBXGroup;
			children = (
				B92425A017740F0300EC3A2C /* AppDelegate.h */,
				B92425A117740F0300EC3A2C /* AppDelegate.m */,
				B92425A917740F0300EC3A2C /* ViewController.h */,
				B92425AA17740F0300EC3A2C /* ViewController.m */,
				B92425AC17740F0300EC3A2C /* ViewController.xib */,
				B924259817740F0300EC3A2C /* Supporting Files */,
			);
			path = MixTutorials;
			sourceTree = "<group>";
		};
		B924259817740F0300EC3A2C /* Supporting Files */ = {
			isa = PBXGroup;
			children = (
				B924259917740F0300EC3A2C /* MixTutorials-Info.plist */,
				B924259A17740F0300EC3A2C /* InfoPlist.strings */,
				B924259D17740F0300EC3A2C /* main.m */,
				B924259F17740F0300EC3A2C /* MixTutorials-Prefix.pch */,
				B92425A317740F0300EC3A2C /* Default.png */,
				B92425A517740F0300EC3A2C /* Default@2x.png */,
				B92425A717740F0300EC3A2C /* Default-568h@2x.png */,
			);
			name = "Supporting Files";
			sourceTree = "<group>";
		};
/* End PBXGroup section */

/* Begin PBXNativeTarget section */
		B924258C17740F0300EC3A2C /* MixTutorials */ = {
			isa = PBXNativeTarget;
			buildConfigurationList = B92425B117740F0300EC3A2C /* Build configuration list for PBXNativeTarget "MixTutorials" */;
			buildPhases = (
				B924258917740F0300EC3A2C /* Sources */,
				B924258A17740F0300EC3A2C /* Frameworks */,
				B924258B17740F0300EC3A2C /* Resources */,
			);
			buildRules = (
			);
			dependencies = (
			);
			name = MixTutorials;
			productName = MixTutorials;
			productReference = B924258D17740F0300EC3A2C /* MixTutorials.app */;
			productType = "com.apple.product-type.application";
		};
/* End PBXNativeTarget section */

/* Begin PBXProject section */
		B924258417740F0300EC3A2C /* Project object */ = {
			isa = PBXProject;
			attributes = {
				LastUpgradeCheck = 0450;
				ORGANIZATIONNAME = CredencysSolutions;
			};
			buildConfigurationList = B924258717740F0300EC3A2C /* Build configuration list for PBXProject "MixTutorials" */;
			compatibilityVersion = "Xcode 3.2";
			developmentRegion = English;
			hasScannedForEncodings = 0;
			knownRegions = (
				en,
			);
			mainGroup = B924258217740F0300EC3A2C;
			productRefGroup = B924258E17740F0300EC3A2C /* Products */;
			projectDirPath = "";
			projectRoot = "";
			targets = (
				B924258C17740F0300EC3A2C /* MixTutorials */,
			);
		};
/* End PBXProject section */

/* Begin PBXResourcesBuildPhase section */
		B924258B17740F0300EC3A2C /* Resources */ = {
			isa = PBXResourcesBuildPhase;
			buildActionMask = 2147483647;
			files = (
				B924259C17740F0300EC3A2C /* InfoPlist.strings in Resources */,
				B92425A417740F0300EC3A2C /* Default.png in Resources */,
				B92425A617740F0300EC3A2C /* Default@2x.png in Resources */,
				B92425A817740F0300EC3A2C /* Default-568h@2x.png in Resources */,
				B92425AE17740F0300EC3A2C /* ViewController.xib in Resources */,
			);
			runOnlyForDeploymentPostprocessing = 0;
		};
/* End PBXResourcesBuildPhase section */

/* Begin PBXSourcesBuildPhase section */
		B924258917740F0300EC3A2C /* Sources */ = {
			isa = PBXSourcesBuildPhase;
			buildActionMask = 2147483647;
			files = (
				B924259E17740F0300EC3A2C /* main.m in Sources */,
				B92425A217740F0300EC3A2C /* AppDelegate.m in Sources */,
				B92425AB17740F0300EC3A2C /* ViewController.m in Sources */,
			);
			runOnlyForDeploymentPostprocessing = 0;
		};
/* End PBXSourcesBuildPhase section */

/* Begin PBXVariantGroup section */
		B924259A17740F0300EC3A2C /* InfoPlist.strings */ = {
			isa = PBXVariantGroup;
			children = (
				B924259B17740F0300EC3A2C /* en */,
			);
			name = InfoPlist.strings;
			sourceTree = "<group>";
		};
		B92425AC17740F0300EC3A2C /* ViewController.xib */ = {
			isa = PBXVariantGroup;
			children = (
				B92425AD17740F0300EC3A2C /* en */,
			);
			name = ViewController.xib;
			sourceTree = "<group>";
		};
/* End PBXVariantGroup section */

/* Begin XCBuildConfiguration section */
		B92425AF17740F0300EC3A2C /* Debug */ = {
			isa = XCBuildConfiguration;
			buildSettings = {
				ALWAYS_SEARCH_USER_PATHS = NO;
				CLANG_CXX_LANGUAGE_STANDARD = "gnu++0x";
				CLANG_CXX_LIBRARY = "libc++";
				CLANG_WARN_EMPTY_BODY = YES;
				CLANG_WARN__DUPLICATE_METHOD_MATCH = YES;
				"CODE_SIGN_IDENTITY[sdk=iphoneos*]" = "iPhone Developer";
				COPY_PHASE_STRIP = NO;
				GCC_C_LANGUAGE_STANDARD = gnu99;
				GCC_DYNAMIC_NO_PIC = NO;
				GCC_OPTIMIZATION_LEVEL = 0;
				GCC_PREPROCESSOR_DEFINITIONS = (
					"DEBUG=1",
					"$(inherited)",
				);
				GCC_SYMBOLS_PRIVATE_EXTERN = NO;
				GCC_WARN_ABOUT_RETURN_TYPE = YES;
				GCC_WARN_UNINITIALIZED_AUTOS = YES;
				GCC_WARN_UNUSED_VARIABLE = YES;
				IPHONEOS_DEPLOYMENT_TARGET = 6.0;
				ONLY_ACTIVE_ARCH = YES;
				SDKROOT = iphoneos;
			};
			name = Debug;
		};
		B92425B017740F0300EC3A2C /* Release */ = {
			isa = XCBuildConfiguration;
			buildSettings = {
				ALWAYS_SEARCH_USER_PATHS = NO;
				CLANG_CXX_LANGUAGE_STANDARD = "gnu++0x";
				CLANG_CXX_LIBRARY = "libc++";
				CLANG_WARN_EMPTY_BODY = YES;
				CLANG_WARN__DUPLICATE_METHOD_MATCH = YES;
				"CODE_SIGN_IDENTITY[sdk=iphoneos*]" = "iPhone Developer";
				COPY_PHASE_STRIP = YES;
				GCC_C_LANGUAGE_STANDARD = gnu99;
				GCC_WARN_ABOUT_RETURN_TYPE = YES;
				GCC_WARN_UNINITIALIZED_AUTOS = YES;
				GCC_WARN_UNUSED_VARIABLE = YES;
				IPHONEOS_DEPLOYMENT_TARGET = 6.0;
				OTHER_CFLAGS = "-DNS_BLOCK_ASSERTIONS=1";
				SDKROOT = iphoneos;
				VALIDATE_PRODUCT = YES;
			};
			name = Release;
		};
		B92425B217740F0300EC3A2C /* Debug */ = {
			isa = XCBuildConfiguration;
			buildSettings = {
				GCC_PRECOMPILE_PREFIX_HEADER = YES;
				GCC_PREFIX_HEADER = "MixTutorials/MixTutorials-Prefix.pch";
				INFOPLIST_FILE = "MixTutorials/MixTutorials-Info.plist";
				PRODUCT_NAME = "$(TARGET_NAME)";
				WRAPPER_EXTENSION = app;
			};
			name = Debug;
		};
		B92425B317740F0300EC3A2C /* Release */ = {
			isa = XCBuildConfiguration;
			buildSettings = {
				GCC_PRECOMPILE_PREFIX_HEADER = YES;
				GCC_PREFIX_HEADER = "MixTutorials/MixTutorials-Prefix.pch";
				INFOPLIST_FILE = "MixTutorials/MixTutorials-Info.plist";
				PRODUCT_NAME = "$(TARGET_NAME)";
				WRAPPER_EXTENSION = app;
			};
			name = Release;
		};
/* End XCBuildConfiguration section */

/* Begin XCConfigurationList section */
		B924258717740F0300EC3A2C /* Build configuration list for PBXProject "MixTutorials" */ = {
			isa = XCConfigurationList;
			buildConfigurations = (
				B92425AF17740F0300EC3A2C /* Debug */,
				B92425B017740F0300EC3A2C /* Release */,
			);
			defaultConfigurationIsVisible = 0;
			defaultConfigurationName = Release;
		};
		B92425B117740F0300EC3A2C /* Build configuration list for PBXNativeTarget "MixTutorials" */ = {
			isa = XCConfigurationList;
			buildConfigurations = (
				B92425B217740F0300EC3A2C /* Debug */,
				B92425B317740F0300EC3A2C /* Release */,
			);
			defaultConfigurationIsVisible = 0;
		};
/* End XCConfigurationList section */
	};
	rootObject = B924258417740F0300EC3A2C /* Project object */;
}
