// !$*UTF8*$!
{
	archiveVersion = 1;
	classes = {
	};
	objectVersion = 46;
	objects = {

/* Begin PBXBuildFile section */
		047A9F6816BF984F00D2280D /* UIKit.framework in Frameworks */ = {isa = PBXBuildFile; fileRef = 047A9F6716BF984F00D2280D /* UIKit.framework */; };
		047A9F6A16BF984F00D2280D /* Foundation.framework in Frameworks */ = {isa = PBXBuildFile; fileRef = 047A9F6916BF984F00D2280D /* Foundation.framework */; };
		047A9F6C16BF984F00D2280D /* CoreGraphics.framework in Frameworks */ = {isa = PBXBuildFile; fileRef = 047A9F6B16BF984F00D2280D /* CoreGraphics.framework */; };
		047A9F7216BF985000D2280D /* InfoPlist.strings in Resources */ = {isa = PBXBuildFile; fileRef = 047A9F7016BF985000D2280D /* InfoPlist.strings */; };
		047A9F7416BF985000D2280D /* main.m in Sources */ = {isa = PBXBuildFile; fileRef = 047A9F7316BF985000D2280D /* main.m */; };
		047A9F7816BF985000D2280D /* AppDelegate.m in Sources */ = {isa = PBXBuildFile; fileRef = 047A9F7716BF985000D2280D /* AppDelegate.m */; };
		047A9F7B16BF985000D2280D /* ViewController.m in Sources */ = {isa = PBXBuildFile; fileRef = 047A9F7A16BF985000D2280D /* ViewController.m */; };
		047A9F7E16BF985000D2280D /* ViewController.xib in Resources */ = {isa = PBXBuildFile; fileRef = 047A9F7C16BF985000D2280D /* ViewController.xib */; };
/* End PBXBuildFile section */

/* Begin PBXFileReference section */
		047A9F6316BF984F00D2280D /* citystateinpickerview.app */ = {isa = PBXFileReference; explicitFileType = wrapper.application; includeInIndex = 0; path = citystateinpickerview.app; sourceTree = BUILT_PRODUCTS_DIR; };
		047A9F6716BF984F00D2280D /* UIKit.framework */ = {isa = PBXFileReference; lastKnownFileType = wrapper.framework; name = UIKit.framework; path = System/Library/Frameworks/UIKit.framework; sourceTree = SDKROOT; };
		047A9F6916BF984F00D2280D /* Foundation.framework */ = {isa = PBXFileReference; lastKnownFileType = wrapper.framework; name = Foundation.framework; path = System/Library/Frameworks/Foundation.framework; sourceTree = SDKROOT; };
		047A9F6B16BF984F00D2280D /* CoreGraphics.framework */ = {isa = PBXFileReference; lastKnownFileType = wrapper.framework; name = CoreGraphics.framework; path = System/Library/Frameworks/CoreGraphics.framework; sourceTree = SDKROOT; };
		047A9F6F16BF985000D2280D /* citystateinpickerview-Info.plist */ = {isa = PBXFileReference; lastKnownFileType = text.plist.xml; path = "citystateinpickerview-Info.plist"; sourceTree = "<group>"; };
		047A9F7116BF985000D2280D /* en */ = {isa = PBXFileReference; lastKnownFileType = text.plist.strings; name = en; path = en.lproj/InfoPlist.strings; sourceTree = "<group>"; };
		047A9F7316BF985000D2280D /* main.m */ = {isa = PBXFileReference; lastKnownFileType = sourcecode.c.objc; path = main.m; sourceTree = "<group>"; };
		047A9F7516BF985000D2280D /* citystateinpickerview-Prefix.pch */ = {isa = PBXFileReference; lastKnownFileType = sourcecode.c.h; path = "citystateinpickerview-Prefix.pch"; sourceTree = "<group>"; };
		047A9F7616BF985000D2280D /* AppDelegate.h */ = {isa = PBXFileReference; lastKnownFileType = sourcecode.c.h; path = AppDelegate.h; sourceTree = "<group>"; };
		047A9F7716BF985000D2280D /* AppDelegate.m */ = {isa = PBXFileReference; lastKnownFileType = sourcecode.c.objc; path = AppDelegate.m; sourceTree = "<group>"; };
		047A9F7916BF985000D2280D /* ViewController.h */ = {isa = PBXFileReference; lastKnownFileType = sourcecode.c.h; path = ViewController.h; sourceTree = "<group>"; };
		047A9F7A16BF985000D2280D /* ViewController.m */ = {isa = PBXFileReference; lastKnownFileType = sourcecode.c.objc; path = ViewController.m; sourceTree = "<group>"; };
		047A9F7D16BF985000D2280D /* en */ = {isa = PBXFileReference; lastKnownFileType = file.xib; name = en; path = en.lproj/ViewController.xib; sourceTree = "<group>"; };
/* End PBXFileReference section */

/* Begin PBXFrameworksBuildPhase section */
		047A9F6016BF984F00D2280D /* Frameworks */ = {
			isa = PBXFrameworksBuildPhase;
			buildActionMask = 2147483647;
			files = (
				047A9F6816BF984F00D2280D /* UIKit.framework in Frameworks */,
				047A9F6A16BF984F00D2280D /* Foundation.framework in Frameworks */,
				047A9F6C16BF984F00D2280D /* CoreGraphics.framework in Frameworks */,
			);
			runOnlyForDeploymentPostprocessing = 0;
		};
/* End PBXFrameworksBuildPhase section */

/* Begin PBXGroup section */
		047A9F5816BF984F00D2280D = {
			isa = PBXGroup;
			children = (
				047A9F6D16BF985000D2280D /* citystateinpickerview */,
				047A9F6616BF984F00D2280D /* Frameworks */,
				047A9F6416BF984F00D2280D /* Products */,
			);
			sourceTree = "<group>";
		};
		047A9F6416BF984F00D2280D /* Products */ = {
			isa = PBXGroup;
			children = (
				047A9F6316BF984F00D2280D /* citystateinpickerview.app */,
			);
			name = Products;
			sourceTree = "<group>";
		};
		047A9F6616BF984F00D2280D /* Frameworks */ = {
			isa = PBXGroup;
			children = (
				047A9F6716BF984F00D2280D /* UIKit.framework */,
				047A9F6916BF984F00D2280D /* Foundation.framework */,
				047A9F6B16BF984F00D2280D /* CoreGraphics.framework */,
			);
			name = Frameworks;
			sourceTree = "<group>";
		};
		047A9F6D16BF985000D2280D /* citystateinpickerview */ = {
			isa = PBXGroup;
			children = (
				047A9F7616BF985000D2280D /* AppDelegate.h */,
				047A9F7716BF985000D2280D /* AppDelegate.m */,
				047A9F7916BF985000D2280D /* ViewController.h */,
				047A9F7A16BF985000D2280D /* ViewController.m */,
				047A9F7C16BF985000D2280D /* ViewController.xib */,
				047A9F6E16BF985000D2280D /* Supporting Files */,
			);
			path = citystateinpickerview;
			sourceTree = "<group>";
		};
		047A9F6E16BF985000D2280D /* Supporting Files */ = {
			isa = PBXGroup;
			children = (
				047A9F6F16BF985000D2280D /* citystateinpickerview-Info.plist */,
				047A9F7016BF985000D2280D /* InfoPlist.strings */,
				047A9F7316BF985000D2280D /* main.m */,
				047A9F7516BF985000D2280D /* citystateinpickerview-Prefix.pch */,
			);
			name = "Supporting Files";
			sourceTree = "<group>";
		};
/* End PBXGroup section */

/* Begin PBXNativeTarget section */
		047A9F6216BF984F00D2280D /* citystateinpickerview */ = {
			isa = PBXNativeTarget;
			buildConfigurationList = 047A9F8116BF985000D2280D /* Build configuration list for PBXNativeTarget "citystateinpickerview" */;
			buildPhases = (
				047A9F5F16BF984F00D2280D /* Sources */,
				047A9F6016BF984F00D2280D /* Frameworks */,
				047A9F6116BF984F00D2280D /* Resources */,
			);
			buildRules = (
			);
			dependencies = (
			);
			name = citystateinpickerview;
			productName = citystateinpickerview;
			productReference = 047A9F6316BF984F00D2280D /* citystateinpickerview.app */;
			productType = "com.apple.product-type.application";
		};
/* End PBXNativeTarget section */

/* Begin PBXProject section */
		047A9F5A16BF984F00D2280D /* Project object */ = {
			isa = PBXProject;
			attributes = {
				LastUpgradeCheck = 0420;
			};
			buildConfigurationList = 047A9F5D16BF984F00D2280D /* Build configuration list for PBXProject "citystateinpickerview" */;
			compatibilityVersion = "Xcode 3.2";
			developmentRegion = English;
			hasScannedForEncodings = 0;
			knownRegions = (
				en,
			);
			mainGroup = 047A9F5816BF984F00D2280D;
			productRefGroup = 047A9F6416BF984F00D2280D /* Products */;
			projectDirPath = "";
			projectRoot = "";
			targets = (
				047A9F6216BF984F00D2280D /* citystateinpickerview */,
			);
		};
/* End PBXProject section */

/* Begin PBXResourcesBuildPhase section */
		047A9F6116BF984F00D2280D /* Resources */ = {
			isa = PBXResourcesBuildPhase;
			buildActionMask = 2147483647;
			files = (
				047A9F7216BF985000D2280D /* InfoPlist.strings in Resources */,
				047A9F7E16BF985000D2280D /* ViewController.xib in Resources */,
			);
			runOnlyForDeploymentPostprocessing = 0;
		};
/* End PBXResourcesBuildPhase section */

/* Begin PBXSourcesBuildPhase section */
		047A9F5F16BF984F00D2280D /* Sources */ = {
			isa = PBXSourcesBuildPhase;
			buildActionMask = 2147483647;
			files = (
				047A9F7416BF985000D2280D /* main.m in Sources */,
				047A9F7816BF985000D2280D /* AppDelegate.m in Sources */,
				047A9F7B16BF985000D2280D /* ViewController.m in Sources */,
			);
			runOnlyForDeploymentPostprocessing = 0;
		};
/* End PBXSourcesBuildPhase section */

/* Begin PBXVariantGroup section */
		047A9F7016BF985000D2280D /* InfoPlist.strings */ = {
			isa = PBXVariantGroup;
			children = (
				047A9F7116BF985000D2280D /* en */,
			);
			name = InfoPlist.strings;
			sourceTree = "<group>";
		};
		047A9F7C16BF985000D2280D /* ViewController.xib */ = {
			isa = PBXVariantGroup;
			children = (
				047A9F7D16BF985000D2280D /* en */,
			);
			name = ViewController.xib;
			sourceTree = "<group>";
		};
/* End PBXVariantGroup section */

/* Begin XCBuildConfiguration section */
		047A9F7F16BF985000D2280D /* Debug */ = {
			isa = XCBuildConfiguration;
			buildSettings = {
				ALWAYS_SEARCH_USER_PATHS = NO;
				ARCHS = "$(ARCHS_STANDARD_32_BIT)";
				"CODE_SIGN_IDENTITY[sdk=iphoneos*]" = "iPhone Developer";
				COPY_PHASE_STRIP = NO;
				GCC_C_LANGUAGE_STANDARD = gnu99;
				GCC_DYNAMIC_NO_PIC = NO;
				GCC_OPTIMIZATION_LEVEL = 0;
				GCC_PREPROCESSOR_DEFINITIONS = (
					"DEBUG=1",
					"$(inherited)",
				);
				GCC_SYMBOLS_PRIVATE_EXTERN = NO;
				GCC_VERSION = com.apple.compilers.llvm.clang.1_0;
				GCC_WARN_ABOUT_MISSING_PROTOTYPES = YES;
				GCC_WARN_ABOUT_RETURN_TYPE = YES;
				GCC_WARN_UNUSED_VARIABLE = YES;
				IPHONEOS_DEPLOYMENT_TARGET = 5.0;
				SDKROOT = iphoneos;
			};
			name = Debug;
		};
		047A9F8016BF985000D2280D /* Release */ = {
			isa = XCBuildConfiguration;
			buildSettings = {
				ALWAYS_SEARCH_USER_PATHS = NO;
				ARCHS = "$(ARCHS_STANDARD_32_BIT)";
				"CODE_SIGN_IDENTITY[sdk=iphoneos*]" = "iPhone Developer";
				COPY_PHASE_STRIP = YES;
				GCC_C_LANGUAGE_STANDARD = gnu99;
				GCC_VERSION = com.apple.compilers.llvm.clang.1_0;
				GCC_WARN_ABOUT_MISSING_PROTOTYPES = YES;
				GCC_WARN_ABOUT_RETURN_TYPE = YES;
				GCC_WARN_UNUSED_VARIABLE = YES;
				IPHONEOS_DEPLOYMENT_TARGET = 5.0;
				OTHER_CFLAGS = "-DNS_BLOCK_ASSERTIONS=1";
				SDKROOT = iphoneos;
				VALIDATE_PRODUCT = YES;
			};
			name = Release;
		};
		047A9F8216BF985000D2280D /* Debug */ = {
			isa = XCBuildConfiguration;
			buildSettings = {
				GCC_PRECOMPILE_PREFIX_HEADER = YES;
				GCC_PREFIX_HEADER = "citystateinpickerview/citystateinpickerview-Prefix.pch";
				INFOPLIST_FILE = "citystateinpickerview/citystateinpickerview-Info.plist";
				PRODUCT_NAME = "$(TARGET_NAME)";
				WRAPPER_EXTENSION = app;
			};
			name = Debug;
		};
		047A9F8316BF985000D2280D /* Release */ = {
			isa = XCBuildConfiguration;
			buildSettings = {
				GCC_PRECOMPILE_PREFIX_HEADER = YES;
				GCC_PREFIX_HEADER = "citystateinpickerview/citystateinpickerview-Prefix.pch";
				INFOPLIST_FILE = "citystateinpickerview/citystateinpickerview-Info.plist";
				PRODUCT_NAME = "$(TARGET_NAME)";
				WRAPPER_EXTENSION = app;
			};
			name = Release;
		};
/* End XCBuildConfiguration section */

/* Begin XCConfigurationList section */
		047A9F5D16BF984F00D2280D /* Build configuration list for PBXProject "citystateinpickerview" */ = {
			isa = XCConfigurationList;
			buildConfigurations = (
				047A9F7F16BF985000D2280D /* Debug */,
				047A9F8016BF985000D2280D /* Release */,
			);
			defaultConfigurationIsVisible = 0;
			defaultConfigurationName = Release;
		};
		047A9F8116BF985000D2280D /* Build configuration list for PBXNativeTarget "citystateinpickerview" */ = {
			isa = XCConfigurationList;
			buildConfigurations = (
				047A9F8216BF985000D2280D /* Debug */,
				047A9F8316BF985000D2280D /* Release */,
			);
			defaultConfigurationIsVisible = 0;
		};
/* End XCConfigurationList section */
	};
	rootObject = 047A9F5A16BF984F00D2280D /* Project object */;
}
