// !$*UTF8*$!
{
	archiveVersion = 1;
	classes = {
	};
	objectVersion = 46;
	objects = {

/* Begin PBXBuildFile section */
		B92A6A871778225100A7483E /* UIKit.framework in Frameworks */ = {isa = PBXBuildFile; fileRef = B92A6A861778225100A7483E /* UIKit.framework */; };
		B92A6A891778225100A7483E /* Foundation.framework in Frameworks */ = {isa = PBXBuildFile; fileRef = B92A6A881778225100A7483E /* Foundation.framework */; };
		B92A6A8B1778225100A7483E /* CoreGraphics.framework in Frameworks */ = {isa = PBXBuildFile; fileRef = B92A6A8A1778225100A7483E /* CoreGraphics.framework */; };
		B92A6A911778225100A7483E /* InfoPlist.strings in Resources */ = {isa = PBXBuildFile; fileRef = B92A6A8F1778225100A7483E /* InfoPlist.strings */; };
		B92A6A931778225100A7483E /* main.m in Sources */ = {isa = PBXBuildFile; fileRef = B92A6A921778225100A7483E /* main.m */; };
		B92A6A971778225100A7483E /* AppDelegate.m in Sources */ = {isa = PBXBuildFile; fileRef = B92A6A961778225100A7483E /* AppDelegate.m */; };
		B92A6A991778225100A7483E /* Default.png in Resources */ = {isa = PBXBuildFile; fileRef = B92A6A981778225100A7483E /* Default.png */; };
		B92A6A9B1778225100A7483E /* Default@2x.png in Resources */ = {isa = PBXBuildFile; fileRef = B92A6A9A1778225100A7483E /* Default@2x.png */; };
		B92A6A9D1778225100A7483E /* Default-568h@2x.png in Resources */ = {isa = PBXBuildFile; fileRef = B92A6A9C1778225100A7483E /* Default-568h@2x.png */; };
		B92A6AA01778225100A7483E /* ViewController.m in Sources */ = {isa = PBXBuildFile; fileRef = B92A6A9F1778225100A7483E /* ViewController.m */; };
		B92A6AA31778225100A7483E /* ViewController.xib in Resources */ = {isa = PBXBuildFile; fileRef = B92A6AA11778225100A7483E /* ViewController.xib */; };
		B92A6AAA17783EE500A7483E /* background.jpg in Resources */ = {isa = PBXBuildFile; fileRef = B92A6AA917783EE500A7483E /* background.jpg */; };
/* End PBXBuildFile section */

/* Begin PBXFileReference section */
		B92A6A831778225100A7483E /* CustomizeView.app */ = {isa = PBXFileReference; explicitFileType = wrapper.application; includeInIndex = 0; path = CustomizeView.app; sourceTree = BUILT_PRODUCTS_DIR; };
		B92A6A861778225100A7483E /* UIKit.framework */ = {isa = PBXFileReference; lastKnownFileType = wrapper.framework; name = UIKit.framework; path = System/Library/Frameworks/UIKit.framework; sourceTree = SDKROOT; };
		B92A6A881778225100A7483E /* Foundation.framework */ = {isa = PBXFileReference; lastKnownFileType = wrapper.framework; name = Foundation.framework; path = System/Library/Frameworks/Foundation.framework; sourceTree = SDKROOT; };
		B92A6A8A1778225100A7483E /* CoreGraphics.framework */ = {isa = PBXFileReference; lastKnownFileType = wrapper.framework; name = CoreGraphics.framework; path = System/Library/Frameworks/CoreGraphics.framework; sourceTree = SDKROOT; };
		B92A6A8E1778225100A7483E /* CustomizeView-Info.plist */ = {isa = PBXFileReference; lastKnownFileType = text.plist.xml; path = "CustomizeView-Info.plist"; sourceTree = "<group>"; };
		B92A6A901778225100A7483E /* en */ = {isa = PBXFileReference; lastKnownFileType = text.plist.strings; name = en; path = en.lproj/InfoPlist.strings; sourceTree = "<group>"; };
		B92A6A921778225100A7483E /* main.m */ = {isa = PBXFileReference; lastKnownFileType = sourcecode.c.objc; path = main.m; sourceTree = "<group>"; };
		B92A6A941778225100A7483E /* CustomizeView-Prefix.pch */ = {isa = PBXFileReference; lastKnownFileType = sourcecode.c.h; path = "CustomizeView-Prefix.pch"; sourceTree = "<group>"; };
		B92A6A951778225100A7483E /* AppDelegate.h */ = {isa = PBXFileReference; lastKnownFileType = sourcecode.c.h; path = AppDelegate.h; sourceTree = "<group>"; };
		B92A6A961778225100A7483E /* AppDelegate.m */ = {isa = PBXFileReference; lastKnownFileType = sourcecode.c.objc; path = AppDelegate.m; sourceTree = "<group>"; };
		B92A6A981778225100A7483E /* Default.png */ = {isa = PBXFileReference; lastKnownFileType = image.png; path = Default.png; sourceTree = "<group>"; };
		B92A6A9A1778225100A7483E /* Default@2x.png */ = {isa = PBXFileReference; lastKnownFileType = image.png; path = "Default@2x.png"; sourceTree = "<group>"; };
		B92A6A9C1778225100A7483E /* Default-568h@2x.png */ = {isa = PBXFileReference; lastKnownFileType = image.png; path = "Default-568h@2x.png"; sourceTree = "<group>"; };
		B92A6A9E1778225100A7483E /* ViewController.h */ = {isa = PBXFileReference; lastKnownFileType = sourcecode.c.h; path = ViewController.h; sourceTree = "<group>"; };
		B92A6A9F1778225100A7483E /* ViewController.m */ = {isa = PBXFileReference; lastKnownFileType = sourcecode.c.objc; path = ViewController.m; sourceTree = "<group>"; };
		B92A6AA21778225100A7483E /* en */ = {isa = PBXFileReference; lastKnownFileType = file.xib; name = en; path = en.lproj/ViewController.xib; sourceTree = "<group>"; };
		B92A6AA917783EE500A7483E /* background.jpg */ = {isa = PBXFileReference; lastKnownFileType = image.jpeg; path = background.jpg; sourceTree = "<group>"; };
/* End PBXFileReference section */

/* Begin PBXFrameworksBuildPhase section */
		B92A6A801778225100A7483E /* Frameworks */ = {
			isa = PBXFrameworksBuildPhase;
			buildActionMask = 2147483647;
			files = (
				B92A6A871778225100A7483E /* UIKit.framework in Frameworks */,
				B92A6A891778225100A7483E /* Foundation.framework in Frameworks */,
				B92A6A8B1778225100A7483E /* CoreGraphics.framework in Frameworks */,
			);
			runOnlyForDeploymentPostprocessing = 0;
		};
/* End PBXFrameworksBuildPhase section */

/* Begin PBXGroup section */
		B92A6A7A1778225100A7483E = {
			isa = PBXGroup;
			children = (
				B92A6AA917783EE500A7483E /* background.jpg */,
				B92A6A8C1778225100A7483E /* CustomizeView */,
				B92A6A851778225100A7483E /* Frameworks */,
				B92A6A841778225100A7483E /* Products */,
			);
			sourceTree = "<group>";
		};
		B92A6A841778225100A7483E /* Products */ = {
			isa = PBXGroup;
			children = (
				B92A6A831778225100A7483E /* CustomizeView.app */,
			);
			name = Products;
			sourceTree = "<group>";
		};
		B92A6A851778225100A7483E /* Frameworks */ = {
			isa = PBXGroup;
			children = (
				B92A6A861778225100A7483E /* UIKit.framework */,
				B92A6A881778225100A7483E /* Foundation.framework */,
				B92A6A8A1778225100A7483E /* CoreGraphics.framework */,
			);
			name = Frameworks;
			sourceTree = "<group>";
		};
		B92A6A8C1778225100A7483E /* CustomizeView */ = {
			isa = PBXGroup;
			children = (
				B92A6A951778225100A7483E /* AppDelegate.h */,
				B92A6A961778225100A7483E /* AppDelegate.m */,
				B92A6A9E1778225100A7483E /* ViewController.h */,
				B92A6A9F1778225100A7483E /* ViewController.m */,
				B92A6AA11778225100A7483E /* ViewController.xib */,
				B92A6A8D1778225100A7483E /* Supporting Files */,
			);
			path = CustomizeView;
			sourceTree = "<group>";
		};
		B92A6A8D1778225100A7483E /* Supporting Files */ = {
			isa = PBXGroup;
			children = (
				B92A6A8E1778225100A7483E /* CustomizeView-Info.plist */,
				B92A6A8F1778225100A7483E /* InfoPlist.strings */,
				B92A6A921778225100A7483E /* main.m */,
				B92A6A941778225100A7483E /* CustomizeView-Prefix.pch */,
				B92A6A981778225100A7483E /* Default.png */,
				B92A6A9A1778225100A7483E /* Default@2x.png */,
				B92A6A9C1778225100A7483E /* Default-568h@2x.png */,
			);
			name = "Supporting Files";
			sourceTree = "<group>";
		};
/* End PBXGroup section */

/* Begin PBXNativeTarget section */
		B92A6A821778225100A7483E /* CustomizeView */ = {
			isa = PBXNativeTarget;
			buildConfigurationList = B92A6AA61778225100A7483E /* Build configuration list for PBXNativeTarget "CustomizeView" */;
			buildPhases = (
				B92A6A7F1778225100A7483E /* Sources */,
				B92A6A801778225100A7483E /* Frameworks */,
				B92A6A811778225100A7483E /* Resources */,
			);
			buildRules = (
			);
			dependencies = (
			);
			name = CustomizeView;
			productName = CustomizeView;
			productReference = B92A6A831778225100A7483E /* CustomizeView.app */;
			productType = "com.apple.product-type.application";
		};
/* End PBXNativeTarget section */

/* Begin PBXProject section */
		B92A6A7B1778225100A7483E /* Project object */ = {
			isa = PBXProject;
			attributes = {
				LastUpgradeCheck = 0460;
				ORGANIZATIONNAME = CredencysSolutions;
			};
			buildConfigurationList = B92A6A7E1778225100A7483E /* Build configuration list for PBXProject "CustomizeView" */;
			compatibilityVersion = "Xcode 3.2";
			developmentRegion = English;
			hasScannedForEncodings = 0;
			knownRegions = (
				en,
			);
			mainGroup = B92A6A7A1778225100A7483E;
			productRefGroup = B92A6A841778225100A7483E /* Products */;
			projectDirPath = "";
			projectRoot = "";
			targets = (
				B92A6A821778225100A7483E /* CustomizeView */,
			);
		};
/* End PBXProject section */

/* Begin PBXResourcesBuildPhase section */
		B92A6A811778225100A7483E /* Resources */ = {
			isa = PBXResourcesBuildPhase;
			buildActionMask = 2147483647;
			files = (
				B92A6A911778225100A7483E /* InfoPlist.strings in Resources */,
				B92A6A991778225100A7483E /* Default.png in Resources */,
				B92A6A9B1778225100A7483E /* Default@2x.png in Resources */,
				B92A6A9D1778225100A7483E /* Default-568h@2x.png in Resources */,
				B92A6AA31778225100A7483E /* ViewController.xib in Resources */,
				B92A6AAA17783EE500A7483E /* background.jpg in Resources */,
			);
			runOnlyForDeploymentPostprocessing = 0;
		};
/* End PBXResourcesBuildPhase section */

/* Begin PBXSourcesBuildPhase section */
		B92A6A7F1778225100A7483E /* Sources */ = {
			isa = PBXSourcesBuildPhase;
			buildActionMask = 2147483647;
			files = (
				B92A6A931778225100A7483E /* main.m in Sources */,
				B92A6A971778225100A7483E /* AppDelegate.m in Sources */,
				B92A6AA01778225100A7483E /* ViewController.m in Sources */,
			);
			runOnlyForDeploymentPostprocessing = 0;
		};
/* End PBXSourcesBuildPhase section */

/* Begin PBXVariantGroup section */
		B92A6A8F1778225100A7483E /* InfoPlist.strings */ = {
			isa = PBXVariantGroup;
			children = (
				B92A6A901778225100A7483E /* en */,
			);
			name = InfoPlist.strings;
			sourceTree = "<group>";
		};
		B92A6AA11778225100A7483E /* ViewController.xib */ = {
			isa = PBXVariantGroup;
			children = (
				B92A6AA21778225100A7483E /* en */,
			);
			name = ViewController.xib;
			sourceTree = "<group>";
		};
/* End PBXVariantGroup section */

/* Begin XCBuildConfiguration section */
		B92A6AA41778225100A7483E /* Debug */ = {
			isa = XCBuildConfiguration;
			buildSettings = {
				ALWAYS_SEARCH_USER_PATHS = NO;
				CLANG_CXX_LANGUAGE_STANDARD = "gnu++0x";
				CLANG_CXX_LIBRARY = "libc++";
				CLANG_WARN_CONSTANT_CONVERSION = YES;
				CLANG_WARN_EMPTY_BODY = YES;
				CLANG_WARN_ENUM_CONVERSION = YES;
				CLANG_WARN_INT_CONVERSION = YES;
				CLANG_WARN__DUPLICATE_METHOD_MATCH = YES;
				"CODE_SIGN_IDENTITY[sdk=iphoneos*]" = "iPhone Developer";
				COPY_PHASE_STRIP = NO;
				GCC_C_LANGUAGE_STANDARD = gnu99;
				GCC_DYNAMIC_NO_PIC = NO;
				GCC_OPTIMIZATION_LEVEL = 0;
				GCC_PREPROCESSOR_DEFINITIONS = (
					"DEBUG=1",
					"$(inherited)",
				);
				GCC_SYMBOLS_PRIVATE_EXTERN = NO;
				GCC_WARN_ABOUT_RETURN_TYPE = YES;
				GCC_WARN_UNINITIALIZED_AUTOS = YES;
				GCC_WARN_UNUSED_VARIABLE = YES;
				IPHONEOS_DEPLOYMENT_TARGET = 6.1;
				ONLY_ACTIVE_ARCH = YES;
				SDKROOT = iphoneos;
			};
			name = Debug;
		};
		B92A6AA51778225100A7483E /* Release */ = {
			isa = XCBuildConfiguration;
			buildSettings = {
				ALWAYS_SEARCH_USER_PATHS = NO;
				CLANG_CXX_LANGUAGE_STANDARD = "gnu++0x";
				CLANG_CXX_LIBRARY = "libc++";
				CLANG_WARN_CONSTANT_CONVERSION = YES;
				CLANG_WARN_EMPTY_BODY = YES;
				CLANG_WARN_ENUM_CONVERSION = YES;
				CLANG_WARN_INT_CONVERSION = YES;
				CLANG_WARN__DUPLICATE_METHOD_MATCH = YES;
				"CODE_SIGN_IDENTITY[sdk=iphoneos*]" = "iPhone Developer";
				COPY_PHASE_STRIP = YES;
				GCC_C_LANGUAGE_STANDARD = gnu99;
				GCC_WARN_ABOUT_RETURN_TYPE = YES;
				GCC_WARN_UNINITIALIZED_AUTOS = YES;
				GCC_WARN_UNUSED_VARIABLE = YES;
				IPHONEOS_DEPLOYMENT_TARGET = 6.1;
				OTHER_CFLAGS = "-DNS_BLOCK_ASSERTIONS=1";
				SDKROOT = iphoneos;
				VALIDATE_PRODUCT = YES;
			};
			name = Release;
		};
		B92A6AA71778225100A7483E /* Debug */ = {
			isa = XCBuildConfiguration;
			buildSettings = {
				GCC_PRECOMPILE_PREFIX_HEADER = YES;
				GCC_PREFIX_HEADER = "CustomizeView/CustomizeView-Prefix.pch";
				INFOPLIST_FILE = "CustomizeView/CustomizeView-Info.plist";
				PRODUCT_NAME = "$(TARGET_NAME)";
				WRAPPER_EXTENSION = app;
			};
			name = Debug;
		};
		B92A6AA81778225100A7483E /* Release */ = {
			isa = XCBuildConfiguration;
			buildSettings = {
				GCC_PRECOMPILE_PREFIX_HEADER = YES;
				GCC_PREFIX_HEADER = "CustomizeView/CustomizeView-Prefix.pch";
				INFOPLIST_FILE = "CustomizeView/CustomizeView-Info.plist";
				PRODUCT_NAME = "$(TARGET_NAME)";
				WRAPPER_EXTENSION = app;
			};
			name = Release;
		};
/* End XCBuildConfiguration section */

/* Begin XCConfigurationList section */
		B92A6A7E1778225100A7483E /* Build configuration list for PBXProject "CustomizeView" */ = {
			isa = XCConfigurationList;
			buildConfigurations = (
				B92A6AA41778225100A7483E /* Debug */,
				B92A6AA51778225100A7483E /* Release */,
			);
			defaultConfigurationIsVisible = 0;
			defaultConfigurationName = Release;
		};
		B92A6AA61778225100A7483E /* Build configuration list for PBXNativeTarget "CustomizeView" */ = {
			isa = XCConfigurationList;
			buildConfigurations = (
				B92A6AA71778225100A7483E /* Debug */,
				B92A6AA81778225100A7483E /* Release */,
			);
			defaultConfigurationIsVisible = 0;
		};
/* End XCConfigurationList section */
	};
	rootObject = B92A6A7B1778225100A7483E /* Project object */;
}
