// !$*UTF8*$!
{
	archiveVersion = 1;
	classes = {
	};
	objectVersion = 46;
	objects = {

/* Begin PBXBuildFile section */
		047141D916C264BC00F3DA86 /* 2.png in Resources */ = {isa = PBXBuildFile; fileRef = 047141D816C264BC00F3DA86 /* 2.png */; };
		047DCFCD16BBAC4B0080A702 /* UIKit.framework in Frameworks */ = {isa = PBXBuildFile; fileRef = 047DCFCC16BBAC4B0080A702 /* UIKit.framework */; };
		047DCFCF16BBAC4B0080A702 /* Foundation.framework in Frameworks */ = {isa = PBXBuildFile; fileRef = 047DCFCE16BBAC4B0080A702 /* Foundation.framework */; };
		047DCFD116BBAC4B0080A702 /* CoreGraphics.framework in Frameworks */ = {isa = PBXBuildFile; fileRef = 047DCFD016BBAC4B0080A702 /* CoreGraphics.framework */; };
		047DCFD716BBAC4B0080A702 /* InfoPlist.strings in Resources */ = {isa = PBXBuildFile; fileRef = 047DCFD516BBAC4B0080A702 /* InfoPlist.strings */; };
		047DCFD916BBAC4C0080A702 /* main.m in Sources */ = {isa = PBXBuildFile; fileRef = 047DCFD816BBAC4B0080A702 /* main.m */; };
		047DCFDD16BBAC4C0080A702 /* AppDelegate.m in Sources */ = {isa = PBXBuildFile; fileRef = 047DCFDC16BBAC4C0080A702 /* AppDelegate.m */; };
		047DCFE016BBAC4C0080A702 /* ViewController.m in Sources */ = {isa = PBXBuildFile; fileRef = 047DCFDF16BBAC4C0080A702 /* ViewController.m */; };
		047DCFE316BBAC4C0080A702 /* ViewController.xib in Resources */ = {isa = PBXBuildFile; fileRef = 047DCFE116BBAC4C0080A702 /* ViewController.xib */; };
/* End PBXBuildFile section */

/* Begin PBXFileReference section */
		047141D816C264BC00F3DA86 /* 2.png */ = {isa = PBXFileReference; lastKnownFileType = image.png; name = 2.png; path = ../2.png; sourceTree = "<group>"; };
		047DCFC816BBAC4B0080A702 /* alertview.app */ = {isa = PBXFileReference; explicitFileType = wrapper.application; includeInIndex = 0; path = alertview.app; sourceTree = BUILT_PRODUCTS_DIR; };
		047DCFCC16BBAC4B0080A702 /* UIKit.framework */ = {isa = PBXFileReference; lastKnownFileType = wrapper.framework; name = UIKit.framework; path = System/Library/Frameworks/UIKit.framework; sourceTree = SDKROOT; };
		047DCFCE16BBAC4B0080A702 /* Foundation.framework */ = {isa = PBXFileReference; lastKnownFileType = wrapper.framework; name = Foundation.framework; path = System/Library/Frameworks/Foundation.framework; sourceTree = SDKROOT; };
		047DCFD016BBAC4B0080A702 /* CoreGraphics.framework */ = {isa = PBXFileReference; lastKnownFileType = wrapper.framework; name = CoreGraphics.framework; path = System/Library/Frameworks/CoreGraphics.framework; sourceTree = SDKROOT; };
		047DCFD416BBAC4B0080A702 /* alertview-Info.plist */ = {isa = PBXFileReference; lastKnownFileType = text.plist.xml; path = "alertview-Info.plist"; sourceTree = "<group>"; };
		047DCFD616BBAC4B0080A702 /* en */ = {isa = PBXFileReference; lastKnownFileType = text.plist.strings; name = en; path = en.lproj/InfoPlist.strings; sourceTree = "<group>"; };
		047DCFD816BBAC4B0080A702 /* main.m */ = {isa = PBXFileReference; lastKnownFileType = sourcecode.c.objc; path = main.m; sourceTree = "<group>"; };
		047DCFDA16BBAC4C0080A702 /* alertview-Prefix.pch */ = {isa = PBXFileReference; lastKnownFileType = sourcecode.c.h; path = "alertview-Prefix.pch"; sourceTree = "<group>"; };
		047DCFDB16BBAC4C0080A702 /* AppDelegate.h */ = {isa = PBXFileReference; lastKnownFileType = sourcecode.c.h; path = AppDelegate.h; sourceTree = "<group>"; };
		047DCFDC16BBAC4C0080A702 /* AppDelegate.m */ = {isa = PBXFileReference; lastKnownFileType = sourcecode.c.objc; path = AppDelegate.m; sourceTree = "<group>"; };
		047DCFDE16BBAC4C0080A702 /* ViewController.h */ = {isa = PBXFileReference; lastKnownFileType = sourcecode.c.h; path = ViewController.h; sourceTree = "<group>"; };
		047DCFDF16BBAC4C0080A702 /* ViewController.m */ = {isa = PBXFileReference; lastKnownFileType = sourcecode.c.objc; path = ViewController.m; sourceTree = "<group>"; };
		047DCFE216BBAC4C0080A702 /* en */ = {isa = PBXFileReference; lastKnownFileType = file.xib; name = en; path = en.lproj/ViewController.xib; sourceTree = "<group>"; };
/* End PBXFileReference section */

/* Begin PBXFrameworksBuildPhase section */
		047DCFC516BBAC4B0080A702 /* Frameworks */ = {
			isa = PBXFrameworksBuildPhase;
			buildActionMask = 2147483647;
			files = (
				047DCFCD16BBAC4B0080A702 /* UIKit.framework in Frameworks */,
				047DCFCF16BBAC4B0080A702 /* Foundation.framework in Frameworks */,
				047DCFD116BBAC4B0080A702 /* CoreGraphics.framework in Frameworks */,
			);
			runOnlyForDeploymentPostprocessing = 0;
		};
/* End PBXFrameworksBuildPhase section */

/* Begin PBXGroup section */
		047DCFBD16BBAC4B0080A702 = {
			isa = PBXGroup;
			children = (
				047141D816C264BC00F3DA86 /* 2.png */,
				047DCFD216BBAC4B0080A702 /* alertview */,
				047DCFCB16BBAC4B0080A702 /* Frameworks */,
				047DCFC916BBAC4B0080A702 /* Products */,
			);
			sourceTree = "<group>";
		};
		047DCFC916BBAC4B0080A702 /* Products */ = {
			isa = PBXGroup;
			children = (
				047DCFC816BBAC4B0080A702 /* alertview.app */,
			);
			name = Products;
			sourceTree = "<group>";
		};
		047DCFCB16BBAC4B0080A702 /* Frameworks */ = {
			isa = PBXGroup;
			children = (
				047DCFCC16BBAC4B0080A702 /* UIKit.framework */,
				047DCFCE16BBAC4B0080A702 /* Foundation.framework */,
				047DCFD016BBAC4B0080A702 /* CoreGraphics.framework */,
			);
			name = Frameworks;
			sourceTree = "<group>";
		};
		047DCFD216BBAC4B0080A702 /* alertview */ = {
			isa = PBXGroup;
			children = (
				047DCFDB16BBAC4C0080A702 /* AppDelegate.h */,
				047DCFDC16BBAC4C0080A702 /* AppDelegate.m */,
				047DCFDE16BBAC4C0080A702 /* ViewController.h */,
				047DCFDF16BBAC4C0080A702 /* ViewController.m */,
				047DCFE116BBAC4C0080A702 /* ViewController.xib */,
				047DCFD316BBAC4B0080A702 /* Supporting Files */,
			);
			path = alertview;
			sourceTree = "<group>";
		};
		047DCFD316BBAC4B0080A702 /* Supporting Files */ = {
			isa = PBXGroup;
			children = (
				047DCFD416BBAC4B0080A702 /* alertview-Info.plist */,
				047DCFD516BBAC4B0080A702 /* InfoPlist.strings */,
				047DCFD816BBAC4B0080A702 /* main.m */,
				047DCFDA16BBAC4C0080A702 /* alertview-Prefix.pch */,
			);
			name = "Supporting Files";
			sourceTree = "<group>";
		};
/* End PBXGroup section */

/* Begin PBXNativeTarget section */
		047DCFC716BBAC4B0080A702 /* alertview */ = {
			isa = PBXNativeTarget;
			buildConfigurationList = 047DCFE616BBAC4C0080A702 /* Build configuration list for PBXNativeTarget "alertview" */;
			buildPhases = (
				047DCFC416BBAC4B0080A702 /* Sources */,
				047DCFC516BBAC4B0080A702 /* Frameworks */,
				047DCFC616BBAC4B0080A702 /* Resources */,
			);
			buildRules = (
			);
			dependencies = (
			);
			name = alertview;
			productName = alertview;
			productReference = 047DCFC816BBAC4B0080A702 /* alertview.app */;
			productType = "com.apple.product-type.application";
		};
/* End PBXNativeTarget section */

/* Begin PBXProject section */
		047DCFBF16BBAC4B0080A702 /* Project object */ = {
			isa = PBXProject;
			attributes = {
				LastUpgradeCheck = 0420;
			};
			buildConfigurationList = 047DCFC216BBAC4B0080A702 /* Build configuration list for PBXProject "alertview" */;
			compatibilityVersion = "Xcode 3.2";
			developmentRegion = English;
			hasScannedForEncodings = 0;
			knownRegions = (
				en,
			);
			mainGroup = 047DCFBD16BBAC4B0080A702;
			productRefGroup = 047DCFC916BBAC4B0080A702 /* Products */;
			projectDirPath = "";
			projectRoot = "";
			targets = (
				047DCFC716BBAC4B0080A702 /* alertview */,
			);
		};
/* End PBXProject section */

/* Begin PBXResourcesBuildPhase section */
		047DCFC616BBAC4B0080A702 /* Resources */ = {
			isa = PBXResourcesBuildPhase;
			buildActionMask = 2147483647;
			files = (
				047DCFD716BBAC4B0080A702 /* InfoPlist.strings in Resources */,
				047DCFE316BBAC4C0080A702 /* ViewController.xib in Resources */,
				047141D916C264BC00F3DA86 /* 2.png in Resources */,
			);
			runOnlyForDeploymentPostprocessing = 0;
		};
/* End PBXResourcesBuildPhase section */

/* Begin PBXSourcesBuildPhase section */
		047DCFC416BBAC4B0080A702 /* Sources */ = {
			isa = PBXSourcesBuildPhase;
			buildActionMask = 2147483647;
			files = (
				047DCFD916BBAC4C0080A702 /* main.m in Sources */,
				047DCFDD16BBAC4C0080A702 /* AppDelegate.m in Sources */,
				047DCFE016BBAC4C0080A702 /* ViewController.m in Sources */,
			);
			runOnlyForDeploymentPostprocessing = 0;
		};
/* End PBXSourcesBuildPhase section */

/* Begin PBXVariantGroup section */
		047DCFD516BBAC4B0080A702 /* InfoPlist.strings */ = {
			isa = PBXVariantGroup;
			children = (
				047DCFD616BBAC4B0080A702 /* en */,
			);
			name = InfoPlist.strings;
			sourceTree = "<group>";
		};
		047DCFE116BBAC4C0080A702 /* ViewController.xib */ = {
			isa = PBXVariantGroup;
			children = (
				047DCFE216BBAC4C0080A702 /* en */,
			);
			name = ViewController.xib;
			sourceTree = "<group>";
		};
/* End PBXVariantGroup section */

/* Begin XCBuildConfiguration section */
		047DCFE416BBAC4C0080A702 /* Debug */ = {
			isa = XCBuildConfiguration;
			buildSettings = {
				ALWAYS_SEARCH_USER_PATHS = NO;
				ARCHS = "$(ARCHS_STANDARD_32_BIT)";
				"CODE_SIGN_IDENTITY[sdk=iphoneos*]" = "iPhone Developer";
				COPY_PHASE_STRIP = NO;
				GCC_C_LANGUAGE_STANDARD = gnu99;
				GCC_DYNAMIC_NO_PIC = NO;
				GCC_OPTIMIZATION_LEVEL = 0;
				GCC_PREPROCESSOR_DEFINITIONS = (
					"DEBUG=1",
					"$(inherited)",
				);
				GCC_SYMBOLS_PRIVATE_EXTERN = NO;
				GCC_VERSION = com.apple.compilers.llvm.clang.1_0;
				GCC_WARN_ABOUT_MISSING_PROTOTYPES = YES;
				GCC_WARN_ABOUT_RETURN_TYPE = YES;
				GCC_WARN_UNUSED_VARIABLE = YES;
				IPHONEOS_DEPLOYMENT_TARGET = 5.0;
				SDKROOT = iphoneos;
			};
			name = Debug;
		};
		047DCFE516BBAC4C0080A702 /* Release */ = {
			isa = XCBuildConfiguration;
			buildSettings = {
				ALWAYS_SEARCH_USER_PATHS = NO;
				ARCHS = "$(ARCHS_STANDARD_32_BIT)";
				"CODE_SIGN_IDENTITY[sdk=iphoneos*]" = "iPhone Developer";
				COPY_PHASE_STRIP = YES;
				GCC_C_LANGUAGE_STANDARD = gnu99;
				GCC_VERSION = com.apple.compilers.llvm.clang.1_0;
				GCC_WARN_ABOUT_MISSING_PROTOTYPES = YES;
				GCC_WARN_ABOUT_RETURN_TYPE = YES;
				GCC_WARN_UNUSED_VARIABLE = YES;
				IPHONEOS_DEPLOYMENT_TARGET = 5.0;
				OTHER_CFLAGS = "-DNS_BLOCK_ASSERTIONS=1";
				SDKROOT = iphoneos;
				VALIDATE_PRODUCT = YES;
			};
			name = Release;
		};
		047DCFE716BBAC4C0080A702 /* Debug */ = {
			isa = XCBuildConfiguration;
			buildSettings = {
				GCC_PRECOMPILE_PREFIX_HEADER = YES;
				GCC_PREFIX_HEADER = "alertview/alertview-Prefix.pch";
				INFOPLIST_FILE = "alertview/alertview-Info.plist";
				PRODUCT_NAME = "$(TARGET_NAME)";
				WRAPPER_EXTENSION = app;
			};
			name = Debug;
		};
		047DCFE816BBAC4C0080A702 /* Release */ = {
			isa = XCBuildConfiguration;
			buildSettings = {
				GCC_PRECOMPILE_PREFIX_HEADER = YES;
				GCC_PREFIX_HEADER = "alertview/alertview-Prefix.pch";
				INFOPLIST_FILE = "alertview/alertview-Info.plist";
				PRODUCT_NAME = "$(TARGET_NAME)";
				WRAPPER_EXTENSION = app;
			};
			name = Release;
		};
/* End XCBuildConfiguration section */

/* Begin XCConfigurationList section */
		047DCFC216BBAC4B0080A702 /* Build configuration list for PBXProject "alertview" */ = {
			isa = XCConfigurationList;
			buildConfigurations = (
				047DCFE416BBAC4C0080A702 /* Debug */,
				047DCFE516BBAC4C0080A702 /* Release */,
			);
			defaultConfigurationIsVisible = 0;
			defaultConfigurationName = Release;
		};
		047DCFE616BBAC4C0080A702 /* Build configuration list for PBXNativeTarget "alertview" */ = {
			isa = XCConfigurationList;
			buildConfigurations = (
				047DCFE716BBAC4C0080A702 /* Debug */,
				047DCFE816BBAC4C0080A702 /* Release */,
			);
			defaultConfigurationIsVisible = 0;
			defaultConfigurationName = Release;
		};
/* End XCConfigurationList section */
	};
	rootObject = 047DCFBF16BBAC4B0080A702 /* Project object */;
}
