// !$*UTF8*$!
{
	archiveVersion = 1;
	classes = {
	};
	objectVersion = 46;
	objects = {

/* Begin PBXBuildFile section */
		B92C9C8B17701DAB00D9DB89 /* UIKit.framework in Frameworks */ = {isa = PBXBuildFile; fileRef = B92C9C8A17701DAB00D9DB89 /* UIKit.framework */; };
		B92C9C8D17701DAB00D9DB89 /* Foundation.framework in Frameworks */ = {isa = PBXBuildFile; fileRef = B92C9C8C17701DAB00D9DB89 /* Foundation.framework */; };
		B92C9C8F17701DAB00D9DB89 /* CoreGraphics.framework in Frameworks */ = {isa = PBXBuildFile; fileRef = B92C9C8E17701DAB00D9DB89 /* CoreGraphics.framework */; };
		B92C9C9517701DAB00D9DB89 /* InfoPlist.strings in Resources */ = {isa = PBXBuildFile; fileRef = B92C9C9317701DAB00D9DB89 /* InfoPlist.strings */; };
		B92C9C9717701DAB00D9DB89 /* main.m in Sources */ = {isa = PBXBuildFile; fileRef = B92C9C9617701DAB00D9DB89 /* main.m */; };
		B92C9C9B17701DAB00D9DB89 /* AppDelegate.m in Sources */ = {isa = PBXBuildFile; fileRef = B92C9C9A17701DAB00D9DB89 /* AppDelegate.m */; };
		B92C9C9D17701DAB00D9DB89 /* Default.png in Resources */ = {isa = PBXBuildFile; fileRef = B92C9C9C17701DAB00D9DB89 /* Default.png */; };
		B92C9C9F17701DAB00D9DB89 /* Default@2x.png in Resources */ = {isa = PBXBuildFile; fileRef = B92C9C9E17701DAB00D9DB89 /* Default@2x.png */; };
		B92C9CA117701DAB00D9DB89 /* Default-568h@2x.png in Resources */ = {isa = PBXBuildFile; fileRef = B92C9CA017701DAB00D9DB89 /* Default-568h@2x.png */; };
		B92C9CA417701DAB00D9DB89 /* ViewController.m in Sources */ = {isa = PBXBuildFile; fileRef = B92C9CA317701DAB00D9DB89 /* ViewController.m */; };
		B92C9CA717701DAB00D9DB89 /* ViewController.xib in Resources */ = {isa = PBXBuildFile; fileRef = B92C9CA517701DAB00D9DB89 /* ViewController.xib */; };
		B92C9CAF17701E1800D9DB89 /* Cell.m in Sources */ = {isa = PBXBuildFile; fileRef = B92C9CAE17701E1800D9DB89 /* Cell.m */; };
		B92C9CB517701EB900D9DB89 /* Cell.xib in Resources */ = {isa = PBXBuildFile; fileRef = B92C9CB417701EB900D9DB89 /* Cell.xib */; };
/* End PBXBuildFile section */

/* Begin PBXFileReference section */
		B92C9C8617701DAB00D9DB89 /* CustomizeCell.app */ = {isa = PBXFileReference; explicitFileType = wrapper.application; includeInIndex = 0; path = CustomizeCell.app; sourceTree = BUILT_PRODUCTS_DIR; };
		B92C9C8A17701DAB00D9DB89 /* UIKit.framework */ = {isa = PBXFileReference; lastKnownFileType = wrapper.framework; name = UIKit.framework; path = System/Library/Frameworks/UIKit.framework; sourceTree = SDKROOT; };
		B92C9C8C17701DAB00D9DB89 /* Foundation.framework */ = {isa = PBXFileReference; lastKnownFileType = wrapper.framework; name = Foundation.framework; path = System/Library/Frameworks/Foundation.framework; sourceTree = SDKROOT; };
		B92C9C8E17701DAB00D9DB89 /* CoreGraphics.framework */ = {isa = PBXFileReference; lastKnownFileType = wrapper.framework; name = CoreGraphics.framework; path = System/Library/Frameworks/CoreGraphics.framework; sourceTree = SDKROOT; };
		B92C9C9217701DAB00D9DB89 /* CustomizeCell-Info.plist */ = {isa = PBXFileReference; lastKnownFileType = text.plist.xml; path = "CustomizeCell-Info.plist"; sourceTree = "<group>"; };
		B92C9C9417701DAB00D9DB89 /* en */ = {isa = PBXFileReference; lastKnownFileType = text.plist.strings; name = en; path = en.lproj/InfoPlist.strings; sourceTree = "<group>"; };
		B92C9C9617701DAB00D9DB89 /* main.m */ = {isa = PBXFileReference; lastKnownFileType = sourcecode.c.objc; path = main.m; sourceTree = "<group>"; };
		B92C9C9817701DAB00D9DB89 /* CustomizeCell-Prefix.pch */ = {isa = PBXFileReference; lastKnownFileType = sourcecode.c.h; path = "CustomizeCell-Prefix.pch"; sourceTree = "<group>"; };
		B92C9C9917701DAB00D9DB89 /* AppDelegate.h */ = {isa = PBXFileReference; lastKnownFileType = sourcecode.c.h; path = AppDelegate.h; sourceTree = "<group>"; };
		B92C9C9A17701DAB00D9DB89 /* AppDelegate.m */ = {isa = PBXFileReference; lastKnownFileType = sourcecode.c.objc; path = AppDelegate.m; sourceTree = "<group>"; };
		B92C9C9C17701DAB00D9DB89 /* Default.png */ = {isa = PBXFileReference; lastKnownFileType = image.png; path = Default.png; sourceTree = "<group>"; };
		B92C9C9E17701DAB00D9DB89 /* Default@2x.png */ = {isa = PBXFileReference; lastKnownFileType = image.png; path = "Default@2x.png"; sourceTree = "<group>"; };
		B92C9CA017701DAB00D9DB89 /* Default-568h@2x.png */ = {isa = PBXFileReference; lastKnownFileType = image.png; path = "Default-568h@2x.png"; sourceTree = "<group>"; };
		B92C9CA217701DAB00D9DB89 /* ViewController.h */ = {isa = PBXFileReference; lastKnownFileType = sourcecode.c.h; path = ViewController.h; sourceTree = "<group>"; };
		B92C9CA317701DAB00D9DB89 /* ViewController.m */ = {isa = PBXFileReference; lastKnownFileType = sourcecode.c.objc; path = ViewController.m; sourceTree = "<group>"; };
		B92C9CA617701DAB00D9DB89 /* en */ = {isa = PBXFileReference; lastKnownFileType = file.xib; name = en; path = en.lproj/ViewController.xib; sourceTree = "<group>"; };
		B92C9CAD17701E1800D9DB89 /* Cell.h */ = {isa = PBXFileReference; fileEncoding = 4; lastKnownFileType = sourcecode.c.h; path = Cell.h; sourceTree = "<group>"; };
		B92C9CAE17701E1800D9DB89 /* Cell.m */ = {isa = PBXFileReference; fileEncoding = 4; lastKnownFileType = sourcecode.c.objc; path = Cell.m; sourceTree = "<group>"; };
		B92C9CB417701EB900D9DB89 /* Cell.xib */ = {isa = PBXFileReference; fileEncoding = 4; lastKnownFileType = file.xib; path = Cell.xib; sourceTree = "<group>"; };
/* End PBXFileReference section */

/* Begin PBXFrameworksBuildPhase section */
		B92C9C8317701DAB00D9DB89 /* Frameworks */ = {
			isa = PBXFrameworksBuildPhase;
			buildActionMask = 2147483647;
			files = (
				B92C9C8B17701DAB00D9DB89 /* UIKit.framework in Frameworks */,
				B92C9C8D17701DAB00D9DB89 /* Foundation.framework in Frameworks */,
				B92C9C8F17701DAB00D9DB89 /* CoreGraphics.framework in Frameworks */,
			);
			runOnlyForDeploymentPostprocessing = 0;
		};
/* End PBXFrameworksBuildPhase section */

/* Begin PBXGroup section */
		B92C9C7B17701DAB00D9DB89 = {
			isa = PBXGroup;
			children = (
				B92C9C9017701DAB00D9DB89 /* CustomizeCell */,
				B92C9C8917701DAB00D9DB89 /* Frameworks */,
				B92C9C8717701DAB00D9DB89 /* Products */,
			);
			sourceTree = "<group>";
		};
		B92C9C8717701DAB00D9DB89 /* Products */ = {
			isa = PBXGroup;
			children = (
				B92C9C8617701DAB00D9DB89 /* CustomizeCell.app */,
			);
			name = Products;
			sourceTree = "<group>";
		};
		B92C9C8917701DAB00D9DB89 /* Frameworks */ = {
			isa = PBXGroup;
			children = (
				B92C9C8A17701DAB00D9DB89 /* UIKit.framework */,
				B92C9C8C17701DAB00D9DB89 /* Foundation.framework */,
				B92C9C8E17701DAB00D9DB89 /* CoreGraphics.framework */,
			);
			name = Frameworks;
			sourceTree = "<group>";
		};
		B92C9C9017701DAB00D9DB89 /* CustomizeCell */ = {
			isa = PBXGroup;
			children = (
				B92C9C9917701DAB00D9DB89 /* AppDelegate.h */,
				B92C9C9A17701DAB00D9DB89 /* AppDelegate.m */,
				B92C9CA217701DAB00D9DB89 /* ViewController.h */,
				B92C9CA317701DAB00D9DB89 /* ViewController.m */,
				B92C9CA517701DAB00D9DB89 /* ViewController.xib */,
				B92C9C9117701DAB00D9DB89 /* Supporting Files */,
				B92C9CAD17701E1800D9DB89 /* Cell.h */,
				B92C9CAE17701E1800D9DB89 /* Cell.m */,
				B92C9CB417701EB900D9DB89 /* Cell.xib */,
			);
			path = CustomizeCell;
			sourceTree = "<group>";
		};
		B92C9C9117701DAB00D9DB89 /* Supporting Files */ = {
			isa = PBXGroup;
			children = (
				B92C9C9217701DAB00D9DB89 /* CustomizeCell-Info.plist */,
				B92C9C9317701DAB00D9DB89 /* InfoPlist.strings */,
				B92C9C9617701DAB00D9DB89 /* main.m */,
				B92C9C9817701DAB00D9DB89 /* CustomizeCell-Prefix.pch */,
				B92C9C9C17701DAB00D9DB89 /* Default.png */,
				B92C9C9E17701DAB00D9DB89 /* Default@2x.png */,
				B92C9CA017701DAB00D9DB89 /* Default-568h@2x.png */,
			);
			name = "Supporting Files";
			sourceTree = "<group>";
		};
/* End PBXGroup section */

/* Begin PBXNativeTarget section */
		B92C9C8517701DAB00D9DB89 /* CustomizeCell */ = {
			isa = PBXNativeTarget;
			buildConfigurationList = B92C9CAA17701DAB00D9DB89 /* Build configuration list for PBXNativeTarget "CustomizeCell" */;
			buildPhases = (
				B92C9C8217701DAB00D9DB89 /* Sources */,
				B92C9C8317701DAB00D9DB89 /* Frameworks */,
				B92C9C8417701DAB00D9DB89 /* Resources */,
			);
			buildRules = (
			);
			dependencies = (
			);
			name = CustomizeCell;
			productName = CustomizeCell;
			productReference = B92C9C8617701DAB00D9DB89 /* CustomizeCell.app */;
			productType = "com.apple.product-type.application";
		};
/* End PBXNativeTarget section */

/* Begin PBXProject section */
		B92C9C7D17701DAB00D9DB89 /* Project object */ = {
			isa = PBXProject;
			attributes = {
				LastUpgradeCheck = 0450;
				ORGANIZATIONNAME = Credencys;
			};
			buildConfigurationList = B92C9C8017701DAB00D9DB89 /* Build configuration list for PBXProject "CustomizeCell" */;
			compatibilityVersion = "Xcode 3.2";
			developmentRegion = English;
			hasScannedForEncodings = 0;
			knownRegions = (
				en,
			);
			mainGroup = B92C9C7B17701DAB00D9DB89;
			productRefGroup = B92C9C8717701DAB00D9DB89 /* Products */;
			projectDirPath = "";
			projectRoot = "";
			targets = (
				B92C9C8517701DAB00D9DB89 /* CustomizeCell */,
			);
		};
/* End PBXProject section */

/* Begin PBXResourcesBuildPhase section */
		B92C9C8417701DAB00D9DB89 /* Resources */ = {
			isa = PBXResourcesBuildPhase;
			buildActionMask = 2147483647;
			files = (
				B92C9C9517701DAB00D9DB89 /* InfoPlist.strings in Resources */,
				B92C9C9D17701DAB00D9DB89 /* Default.png in Resources */,
				B92C9C9F17701DAB00D9DB89 /* Default@2x.png in Resources */,
				B92C9CA117701DAB00D9DB89 /* Default-568h@2x.png in Resources */,
				B92C9CA717701DAB00D9DB89 /* ViewController.xib in Resources */,
				B92C9CB517701EB900D9DB89 /* Cell.xib in Resources */,
			);
			runOnlyForDeploymentPostprocessing = 0;
		};
/* End PBXResourcesBuildPhase section */

/* Begin PBXSourcesBuildPhase section */
		B92C9C8217701DAB00D9DB89 /* Sources */ = {
			isa = PBXSourcesBuildPhase;
			buildActionMask = 2147483647;
			files = (
				B92C9C9717701DAB00D9DB89 /* main.m in Sources */,
				B92C9C9B17701DAB00D9DB89 /* AppDelegate.m in Sources */,
				B92C9CA417701DAB00D9DB89 /* ViewController.m in Sources */,
				B92C9CAF17701E1800D9DB89 /* Cell.m in Sources */,
			);
			runOnlyForDeploymentPostprocessing = 0;
		};
/* End PBXSourcesBuildPhase section */

/* Begin PBXVariantGroup section */
		B92C9C9317701DAB00D9DB89 /* InfoPlist.strings */ = {
			isa = PBXVariantGroup;
			children = (
				B92C9C9417701DAB00D9DB89 /* en */,
			);
			name = InfoPlist.strings;
			sourceTree = "<group>";
		};
		B92C9CA517701DAB00D9DB89 /* ViewController.xib */ = {
			isa = PBXVariantGroup;
			children = (
				B92C9CA617701DAB00D9DB89 /* en */,
			);
			name = ViewController.xib;
			sourceTree = "<group>";
		};
/* End PBXVariantGroup section */

/* Begin XCBuildConfiguration section */
		B92C9CA817701DAB00D9DB89 /* Debug */ = {
			isa = XCBuildConfiguration;
			buildSettings = {
				ALWAYS_SEARCH_USER_PATHS = NO;
				CLANG_CXX_LANGUAGE_STANDARD = "gnu++0x";
				CLANG_CXX_LIBRARY = "libc++";
				CLANG_WARN_EMPTY_BODY = YES;
				CLANG_WARN__DUPLICATE_METHOD_MATCH = YES;
				"CODE_SIGN_IDENTITY[sdk=iphoneos*]" = "iPhone Developer";
				COPY_PHASE_STRIP = NO;
				GCC_C_LANGUAGE_STANDARD = gnu99;
				GCC_DYNAMIC_NO_PIC = NO;
				GCC_OPTIMIZATION_LEVEL = 0;
				GCC_PREPROCESSOR_DEFINITIONS = (
					"DEBUG=1",
					"$(inherited)",
				);
				GCC_SYMBOLS_PRIVATE_EXTERN = NO;
				GCC_WARN_ABOUT_RETURN_TYPE = YES;
				GCC_WARN_UNINITIALIZED_AUTOS = YES;
				GCC_WARN_UNUSED_VARIABLE = YES;
				IPHONEOS_DEPLOYMENT_TARGET = 6.0;
				ONLY_ACTIVE_ARCH = YES;
				SDKROOT = iphoneos;
			};
			name = Debug;
		};
		B92C9CA917701DAB00D9DB89 /* Release */ = {
			isa = XCBuildConfiguration;
			buildSettings = {
				ALWAYS_SEARCH_USER_PATHS = NO;
				CLANG_CXX_LANGUAGE_STANDARD = "gnu++0x";
				CLANG_CXX_LIBRARY = "libc++";
				CLANG_WARN_EMPTY_BODY = YES;
				CLANG_WARN__DUPLICATE_METHOD_MATCH = YES;
				"CODE_SIGN_IDENTITY[sdk=iphoneos*]" = "iPhone Developer";
				COPY_PHASE_STRIP = YES;
				GCC_C_LANGUAGE_STANDARD = gnu99;
				GCC_WARN_ABOUT_RETURN_TYPE = YES;
				GCC_WARN_UNINITIALIZED_AUTOS = YES;
				GCC_WARN_UNUSED_VARIABLE = YES;
				IPHONEOS_DEPLOYMENT_TARGET = 6.0;
				OTHER_CFLAGS = "-DNS_BLOCK_ASSERTIONS=1";
				SDKROOT = iphoneos;
				VALIDATE_PRODUCT = YES;
			};
			name = Release;
		};
		B92C9CAB17701DAB00D9DB89 /* Debug */ = {
			isa = XCBuildConfiguration;
			buildSettings = {
				GCC_PRECOMPILE_PREFIX_HEADER = YES;
				GCC_PREFIX_HEADER = "CustomizeCell/CustomizeCell-Prefix.pch";
				INFOPLIST_FILE = "CustomizeCell/CustomizeCell-Info.plist";
				PRODUCT_NAME = "$(TARGET_NAME)";
				WRAPPER_EXTENSION = app;
			};
			name = Debug;
		};
		B92C9CAC17701DAB00D9DB89 /* Release */ = {
			isa = XCBuildConfiguration;
			buildSettings = {
				GCC_PRECOMPILE_PREFIX_HEADER = YES;
				GCC_PREFIX_HEADER = "CustomizeCell/CustomizeCell-Prefix.pch";
				INFOPLIST_FILE = "CustomizeCell/CustomizeCell-Info.plist";
				PRODUCT_NAME = "$(TARGET_NAME)";
				WRAPPER_EXTENSION = app;
			};
			name = Release;
		};
/* End XCBuildConfiguration section */

/* Begin XCConfigurationList section */
		B92C9C8017701DAB00D9DB89 /* Build configuration list for PBXProject "CustomizeCell" */ = {
			isa = XCConfigurationList;
			buildConfigurations = (
				B92C9CA817701DAB00D9DB89 /* Debug */,
				B92C9CA917701DAB00D9DB89 /* Release */,
			);
			defaultConfigurationIsVisible = 0;
			defaultConfigurationName = Release;
		};
		B92C9CAA17701DAB00D9DB89 /* Build configuration list for PBXNativeTarget "CustomizeCell" */ = {
			isa = XCConfigurationList;
			buildConfigurations = (
				B92C9CAB17701DAB00D9DB89 /* Debug */,
				B92C9CAC17701DAB00D9DB89 /* Release */,
			);
			defaultConfigurationIsVisible = 0;
		};
/* End XCConfigurationList section */
	};
	rootObject = B92C9C7D17701DAB00D9DB89 /* Project object */;
}
