// !$*UTF8*$!
{
	archiveVersion = 1;
	classes = {
	};
	objectVersion = 46;
	objects = {

/* Begin PBXBuildFile section */
		047FB36116C23F180063FA76 /* UIKit.framework in Frameworks */ = {isa = PBXBuildFile; fileRef = 047FB36016C23F180063FA76 /* UIKit.framework */; };
		047FB36316C23F180063FA76 /* Foundation.framework in Frameworks */ = {isa = PBXBuildFile; fileRef = 047FB36216C23F180063FA76 /* Foundation.framework */; };
		047FB36516C23F180063FA76 /* CoreGraphics.framework in Frameworks */ = {isa = PBXBuildFile; fileRef = 047FB36416C23F180063FA76 /* CoreGraphics.framework */; };
		047FB36B16C23F180063FA76 /* InfoPlist.strings in Resources */ = {isa = PBXBuildFile; fileRef = 047FB36916C23F180063FA76 /* InfoPlist.strings */; };
		047FB36D16C23F180063FA76 /* main.m in Sources */ = {isa = PBXBuildFile; fileRef = 047FB36C16C23F180063FA76 /* main.m */; };
		047FB37116C23F180063FA76 /* AppDelegate.m in Sources */ = {isa = PBXBuildFile; fileRef = 047FB37016C23F180063FA76 /* AppDelegate.m */; };
		047FB37416C23F180063FA76 /* ViewController.m in Sources */ = {isa = PBXBuildFile; fileRef = 047FB37316C23F180063FA76 /* ViewController.m */; };
		047FB37716C23F180063FA76 /* ViewController.xib in Resources */ = {isa = PBXBuildFile; fileRef = 047FB37516C23F180063FA76 /* ViewController.xib */; };
/* End PBXBuildFile section */

/* Begin PBXFileReference section */
		047FB35C16C23F180063FA76 /* tableview add data.app */ = {isa = PBXFileReference; explicitFileType = wrapper.application; includeInIndex = 0; path = "tableview add data.app"; sourceTree = BUILT_PRODUCTS_DIR; };
		047FB36016C23F180063FA76 /* UIKit.framework */ = {isa = PBXFileReference; lastKnownFileType = wrapper.framework; name = UIKit.framework; path = System/Library/Frameworks/UIKit.framework; sourceTree = SDKROOT; };
		047FB36216C23F180063FA76 /* Foundation.framework */ = {isa = PBXFileReference; lastKnownFileType = wrapper.framework; name = Foundation.framework; path = System/Library/Frameworks/Foundation.framework; sourceTree = SDKROOT; };
		047FB36416C23F180063FA76 /* CoreGraphics.framework */ = {isa = PBXFileReference; lastKnownFileType = wrapper.framework; name = CoreGraphics.framework; path = System/Library/Frameworks/CoreGraphics.framework; sourceTree = SDKROOT; };
		047FB36816C23F180063FA76 /* tableview add data-Info.plist */ = {isa = PBXFileReference; lastKnownFileType = text.plist.xml; path = "tableview add data-Info.plist"; sourceTree = "<group>"; };
		047FB36A16C23F180063FA76 /* en */ = {isa = PBXFileReference; lastKnownFileType = text.plist.strings; name = en; path = en.lproj/InfoPlist.strings; sourceTree = "<group>"; };
		047FB36C16C23F180063FA76 /* main.m */ = {isa = PBXFileReference; lastKnownFileType = sourcecode.c.objc; path = main.m; sourceTree = "<group>"; };
		047FB36E16C23F180063FA76 /* tableview add data-Prefix.pch */ = {isa = PBXFileReference; lastKnownFileType = sourcecode.c.h; path = "tableview add data-Prefix.pch"; sourceTree = "<group>"; };
		047FB36F16C23F180063FA76 /* AppDelegate.h */ = {isa = PBXFileReference; lastKnownFileType = sourcecode.c.h; path = AppDelegate.h; sourceTree = "<group>"; };
		047FB37016C23F180063FA76 /* AppDelegate.m */ = {isa = PBXFileReference; lastKnownFileType = sourcecode.c.objc; path = AppDelegate.m; sourceTree = "<group>"; };
		047FB37216C23F180063FA76 /* ViewController.h */ = {isa = PBXFileReference; lastKnownFileType = sourcecode.c.h; path = ViewController.h; sourceTree = "<group>"; };
		047FB37316C23F180063FA76 /* ViewController.m */ = {isa = PBXFileReference; lastKnownFileType = sourcecode.c.objc; path = ViewController.m; sourceTree = "<group>"; };
		047FB37616C23F180063FA76 /* en */ = {isa = PBXFileReference; lastKnownFileType = file.xib; name = en; path = en.lproj/ViewController.xib; sourceTree = "<group>"; };
/* End PBXFileReference section */

/* Begin PBXFrameworksBuildPhase section */
		047FB35916C23F180063FA76 /* Frameworks */ = {
			isa = PBXFrameworksBuildPhase;
			buildActionMask = 2147483647;
			files = (
				047FB36116C23F180063FA76 /* UIKit.framework in Frameworks */,
				047FB36316C23F180063FA76 /* Foundation.framework in Frameworks */,
				047FB36516C23F180063FA76 /* CoreGraphics.framework in Frameworks */,
			);
			runOnlyForDeploymentPostprocessing = 0;
		};
/* End PBXFrameworksBuildPhase section */

/* Begin PBXGroup section */
		047FB35116C23F170063FA76 = {
			isa = PBXGroup;
			children = (
				047FB36616C23F180063FA76 /* tableview add data */,
				047FB35F16C23F180063FA76 /* Frameworks */,
				047FB35D16C23F180063FA76 /* Products */,
			);
			sourceTree = "<group>";
		};
		047FB35D16C23F180063FA76 /* Products */ = {
			isa = PBXGroup;
			children = (
				047FB35C16C23F180063FA76 /* tableview add data.app */,
			);
			name = Products;
			sourceTree = "<group>";
		};
		047FB35F16C23F180063FA76 /* Frameworks */ = {
			isa = PBXGroup;
			children = (
				047FB36016C23F180063FA76 /* UIKit.framework */,
				047FB36216C23F180063FA76 /* Foundation.framework */,
				047FB36416C23F180063FA76 /* CoreGraphics.framework */,
			);
			name = Frameworks;
			sourceTree = "<group>";
		};
		047FB36616C23F180063FA76 /* tableview add data */ = {
			isa = PBXGroup;
			children = (
				047FB36F16C23F180063FA76 /* AppDelegate.h */,
				047FB37016C23F180063FA76 /* AppDelegate.m */,
				047FB37216C23F180063FA76 /* ViewController.h */,
				047FB37316C23F180063FA76 /* ViewController.m */,
				047FB37516C23F180063FA76 /* ViewController.xib */,
				047FB36716C23F180063FA76 /* Supporting Files */,
			);
			path = "tableview add data";
			sourceTree = "<group>";
		};
		047FB36716C23F180063FA76 /* Supporting Files */ = {
			isa = PBXGroup;
			children = (
				047FB36816C23F180063FA76 /* tableview add data-Info.plist */,
				047FB36916C23F180063FA76 /* InfoPlist.strings */,
				047FB36C16C23F180063FA76 /* main.m */,
				047FB36E16C23F180063FA76 /* tableview add data-Prefix.pch */,
			);
			name = "Supporting Files";
			sourceTree = "<group>";
		};
/* End PBXGroup section */

/* Begin PBXNativeTarget section */
		047FB35B16C23F180063FA76 /* tableview add data */ = {
			isa = PBXNativeTarget;
			buildConfigurationList = 047FB37A16C23F180063FA76 /* Build configuration list for PBXNativeTarget "tableview add data" */;
			buildPhases = (
				047FB35816C23F180063FA76 /* Sources */,
				047FB35916C23F180063FA76 /* Frameworks */,
				047FB35A16C23F180063FA76 /* Resources */,
			);
			buildRules = (
			);
			dependencies = (
			);
			name = "tableview add data";
			productName = "tableview add data";
			productReference = 047FB35C16C23F180063FA76 /* tableview add data.app */;
			productType = "com.apple.product-type.application";
		};
/* End PBXNativeTarget section */

/* Begin PBXProject section */
		047FB35316C23F170063FA76 /* Project object */ = {
			isa = PBXProject;
			attributes = {
				LastUpgradeCheck = 0420;
			};
			buildConfigurationList = 047FB35616C23F170063FA76 /* Build configuration list for PBXProject "tableview add data" */;
			compatibilityVersion = "Xcode 3.2";
			developmentRegion = English;
			hasScannedForEncodings = 0;
			knownRegions = (
				en,
			);
			mainGroup = 047FB35116C23F170063FA76;
			productRefGroup = 047FB35D16C23F180063FA76 /* Products */;
			projectDirPath = "";
			projectRoot = "";
			targets = (
				047FB35B16C23F180063FA76 /* tableview add data */,
			);
		};
/* End PBXProject section */

/* Begin PBXResourcesBuildPhase section */
		047FB35A16C23F180063FA76 /* Resources */ = {
			isa = PBXResourcesBuildPhase;
			buildActionMask = 2147483647;
			files = (
				047FB36B16C23F180063FA76 /* InfoPlist.strings in Resources */,
				047FB37716C23F180063FA76 /* ViewController.xib in Resources */,
			);
			runOnlyForDeploymentPostprocessing = 0;
		};
/* End PBXResourcesBuildPhase section */

/* Begin PBXSourcesBuildPhase section */
		047FB35816C23F180063FA76 /* Sources */ = {
			isa = PBXSourcesBuildPhase;
			buildActionMask = 2147483647;
			files = (
				047FB36D16C23F180063FA76 /* main.m in Sources */,
				047FB37116C23F180063FA76 /* AppDelegate.m in Sources */,
				047FB37416C23F180063FA76 /* ViewController.m in Sources */,
			);
			runOnlyForDeploymentPostprocessing = 0;
		};
/* End PBXSourcesBuildPhase section */

/* Begin PBXVariantGroup section */
		047FB36916C23F180063FA76 /* InfoPlist.strings */ = {
			isa = PBXVariantGroup;
			children = (
				047FB36A16C23F180063FA76 /* en */,
			);
			name = InfoPlist.strings;
			sourceTree = "<group>";
		};
		047FB37516C23F180063FA76 /* ViewController.xib */ = {
			isa = PBXVariantGroup;
			children = (
				047FB37616C23F180063FA76 /* en */,
			);
			name = ViewController.xib;
			sourceTree = "<group>";
		};
/* End PBXVariantGroup section */

/* Begin XCBuildConfiguration section */
		047FB37816C23F180063FA76 /* Debug */ = {
			isa = XCBuildConfiguration;
			buildSettings = {
				ALWAYS_SEARCH_USER_PATHS = NO;
				ARCHS = "$(ARCHS_STANDARD_32_BIT)";
				"CODE_SIGN_IDENTITY[sdk=iphoneos*]" = "iPhone Developer";
				COPY_PHASE_STRIP = NO;
				GCC_C_LANGUAGE_STANDARD = gnu99;
				GCC_DYNAMIC_NO_PIC = NO;
				GCC_OPTIMIZATION_LEVEL = 0;
				GCC_PREPROCESSOR_DEFINITIONS = (
					"DEBUG=1",
					"$(inherited)",
				);
				GCC_SYMBOLS_PRIVATE_EXTERN = NO;
				GCC_VERSION = com.apple.compilers.llvm.clang.1_0;
				GCC_WARN_ABOUT_MISSING_PROTOTYPES = YES;
				GCC_WARN_ABOUT_RETURN_TYPE = YES;
				GCC_WARN_UNUSED_VARIABLE = YES;
				IPHONEOS_DEPLOYMENT_TARGET = 5.0;
				SDKROOT = iphoneos;
			};
			name = Debug;
		};
		047FB37916C23F180063FA76 /* Release */ = {
			isa = XCBuildConfiguration;
			buildSettings = {
				ALWAYS_SEARCH_USER_PATHS = NO;
				ARCHS = "$(ARCHS_STANDARD_32_BIT)";
				"CODE_SIGN_IDENTITY[sdk=iphoneos*]" = "iPhone Developer";
				COPY_PHASE_STRIP = YES;
				GCC_C_LANGUAGE_STANDARD = gnu99;
				GCC_VERSION = com.apple.compilers.llvm.clang.1_0;
				GCC_WARN_ABOUT_MISSING_PROTOTYPES = YES;
				GCC_WARN_ABOUT_RETURN_TYPE = YES;
				GCC_WARN_UNUSED_VARIABLE = YES;
				IPHONEOS_DEPLOYMENT_TARGET = 5.0;
				OTHER_CFLAGS = "-DNS_BLOCK_ASSERTIONS=1";
				SDKROOT = iphoneos;
				VALIDATE_PRODUCT = YES;
			};
			name = Release;
		};
		047FB37B16C23F180063FA76 /* Debug */ = {
			isa = XCBuildConfiguration;
			buildSettings = {
				GCC_PRECOMPILE_PREFIX_HEADER = YES;
				GCC_PREFIX_HEADER = "tableview add data/tableview add data-Prefix.pch";
				INFOPLIST_FILE = "tableview add data/tableview add data-Info.plist";
				PRODUCT_NAME = "$(TARGET_NAME)";
				WRAPPER_EXTENSION = app;
			};
			name = Debug;
		};
		047FB37C16C23F180063FA76 /* Release */ = {
			isa = XCBuildConfiguration;
			buildSettings = {
				GCC_PRECOMPILE_PREFIX_HEADER = YES;
				GCC_PREFIX_HEADER = "tableview add data/tableview add data-Prefix.pch";
				INFOPLIST_FILE = "tableview add data/tableview add data-Info.plist";
				PRODUCT_NAME = "$(TARGET_NAME)";
				WRAPPER_EXTENSION = app;
			};
			name = Release;
		};
/* End XCBuildConfiguration section */

/* Begin XCConfigurationList section */
		047FB35616C23F170063FA76 /* Build configuration list for PBXProject "tableview add data" */ = {
			isa = XCConfigurationList;
			buildConfigurations = (
				047FB37816C23F180063FA76 /* Debug */,
				047FB37916C23F180063FA76 /* Release */,
			);
			defaultConfigurationIsVisible = 0;
			defaultConfigurationName = Release;
		};
		047FB37A16C23F180063FA76 /* Build configuration list for PBXNativeTarget "tableview add data" */ = {
			isa = XCConfigurationList;
			buildConfigurations = (
				047FB37B16C23F180063FA76 /* Debug */,
				047FB37C16C23F180063FA76 /* Release */,
			);
			defaultConfigurationIsVisible = 0;
		};
/* End XCConfigurationList section */
	};
	rootObject = 047FB35316C23F170063FA76 /* Project object */;
}
